// !$*UTF8*$!
{
	archiveVersion = 1;
	classes = {
	};
	objectVersion = 56;
	objects = {

/* Begin PBXBuildFile section */
		71919EF42BEC7082002A4873 /* FileManager+SharedContainer.swift in Sources */ = {isa = PBXBuildFile; fileRef = 71919EF32BEC7082002A4873 /* FileManager+SharedContainer.swift */; };
		71919EF52BEC708B002A4873 /* FileManager+SharedContainer.swift in Sources */ = {isa = PBXBuildFile; fileRef = 71919EF32BEC7082002A4873 /* FileManager+SharedContainer.swift */; };
		C6838CFE2BEB1BFF00079212 /* WeatherService.swift in Sources */ = {isa = PBXBuildFile; fileRef = C6838CFD2BEB1BFF00079212 /* WeatherService.swift */; };
		C6838D002BEB1D4A00079212 /* WeatherService+Location.swift in Sources */ = {isa = PBXBuildFile; fileRef = C6838CFF2BEB1D4A00079212 /* WeatherService+Location.swift */; };
		C6838D032BEB262800079212 /* String+WeatherSymbol.swift in Sources */ = {isa = PBXBuildFile; fileRef = C6838D022BEB262800079212 /* String+WeatherSymbol.swift */; };
		C6838D062BEB285200079212 /* CurrentWeatherDTO.swift in Sources */ = {isa = PBXBuildFile; fileRef = C6838D052BEB285200079212 /* CurrentWeatherDTO.swift */; };
		C6838D082BEB28EB00079212 /* WeatherService+API.swift in Sources */ = {isa = PBXBuildFile; fileRef = C6838D072BEB28EB00079212 /* WeatherService+API.swift */; };
		C6838D0A2BEB2A7E00079212 /* APIError.swift in Sources */ = {isa = PBXBuildFile; fileRef = C6838D092BEB2A7E00079212 /* APIError.swift */; };
		C6838D0E2BEB5CFB00079212 /* ForecastDTO.swift in Sources */ = {isa = PBXBuildFile; fileRef = C6838D0D2BEB5CFB00079212 /* ForecastDTO.swift */; };
		C68641662BEBB81500062CA4 /* ErrorView.swift in Sources */ = {isa = PBXBuildFile; fileRef = C68641652BEBB81500062CA4 /* ErrorView.swift */; };
		C68641AE2BEBC73800062CA4 /* WidgetKit.framework in Frameworks */ = {isa = PBXBuildFile; fileRef = C68641AD2BEBC73800062CA4 /* WidgetKit.framework */; };
		C68641B02BEBC73800062CA4 /* SwiftUI.framework in Frameworks */ = {isa = PBXBuildFile; fileRef = C68641AF2BEBC73800062CA4 /* SwiftUI.framework */; };
		C68641B32BEBC73800062CA4 /* WeatherAPPWidgetBundle.swift in Sources */ = {isa = PBXBuildFile; fileRef = C68641B22BEBC73800062CA4 /* WeatherAPPWidgetBundle.swift */; };
		C68641B52BEBC73800062CA4 /* WeatherAPPWidget.swift in Sources */ = {isa = PBXBuildFile; fileRef = C68641B42BEBC73800062CA4 /* WeatherAPPWidget.swift */; };
		C68641B72BEBC73900062CA4 /* Assets.xcassets in Resources */ = {isa = PBXBuildFile; fileRef = C68641B62BEBC73900062CA4 /* Assets.xcassets */; };
		C68641BB2BEBC73900062CA4 /* WeatherAPPWidgetExtension.appex in Embed Foundation Extensions */ = {isa = PBXBuildFile; fileRef = C68641AB2BEBC73800062CA4 /* WeatherAPPWidgetExtension.appex */; settings = {ATTRIBUTES = (RemoveHeadersOnCopy, ); }; };
		C68641C12BEBC7B500062CA4 /* Provider.swift in Sources */ = {isa = PBXBuildFile; fileRef = C68641C02BEBC7B500062CA4 /* Provider.swift */; };
		C68641C52BEBC94100062CA4 /* WeatherEntry.swift in Sources */ = {isa = PBXBuildFile; fileRef = C68641C42BEBC94100062CA4 /* WeatherEntry.swift */; };
		C68641C72BEBC96700062CA4 /* WidgetData.swift in Sources */ = {isa = PBXBuildFile; fileRef = C68641C62BEBC96700062CA4 /* WidgetData.swift */; };
		C68641C82BEBC9B500062CA4 /* WidgetData.swift in Sources */ = {isa = PBXBuildFile; fileRef = C68641C62BEBC96700062CA4 /* WidgetData.swift */; };
		C68641CB2BEBCA2800062CA4 /* String+WeatherSymbol.swift in Sources */ = {isa = PBXBuildFile; fileRef = C6838D022BEB262800079212 /* String+WeatherSymbol.swift */; };
		C68641CC2BEBCA2800062CA4 /* Double+Extension.swift in Sources */ = {isa = PBXBuildFile; fileRef = C6C5058D2BEA6EBF0055569A /* Double+Extension.swift */; };
		C68641D32BEBCD5D00062CA4 /* WeatherEntryView.swift in Sources */ = {isa = PBXBuildFile; fileRef = C68641D22BEBCD5D00062CA4 /* WeatherEntryView.swift */; };
		C69AEE222BEA6966005E16E6 /* WeatherAPPApp.swift in Sources */ = {isa = PBXBuildFile; fileRef = C69AEE212BEA6966005E16E6 /* WeatherAPPApp.swift */; };
		C69AEE262BEA6967005E16E6 /* Assets.xcassets in Resources */ = {isa = PBXBuildFile; fileRef = C69AEE252BEA6967005E16E6 /* Assets.xcassets */; };
		C69AEE292BEA6967005E16E6 /* Preview Assets.xcassets in Resources */ = {isa = PBXBuildFile; fileRef = C69AEE282BEA6967005E16E6 /* Preview Assets.xcassets */; };
		C69AEE352BEA69ED005E16E6 /* MainView.swift in Sources */ = {isa = PBXBuildFile; fileRef = C69AEE342BEA69ED005E16E6 /* MainView.swift */; };
		C6C5058C2BEA6E180055569A /* CurrentWeather.swift in Sources */ = {isa = PBXBuildFile; fileRef = C6C5058B2BEA6E180055569A /* CurrentWeather.swift */; };
		C6C5058E2BEA6EBF0055569A /* Double+Extension.swift in Sources */ = {isa = PBXBuildFile; fileRef = C6C5058D2BEA6EBF0055569A /* Double+Extension.swift */; };
		C6C505902BEA70240055569A /* Forecast.swift in Sources */ = {isa = PBXBuildFile; fileRef = C6C5058F2BEA70240055569A /* Forecast.swift */; };
		C6C505922BEA74AB0055569A /* MainBackgroundView.swift in Sources */ = {isa = PBXBuildFile; fileRef = C6C505912BEA74AB0055569A /* MainBackgroundView.swift */; };
		C6C505942BEA74DD0055569A /* WeatherContentView.swift in Sources */ = {isa = PBXBuildFile; fileRef = C6C505932BEA74DD0055569A /* WeatherContentView.swift */; };
		C6C505962BEA75410055569A /* CurrentWeatherView.swift in Sources */ = {isa = PBXBuildFile; fileRef = C6C505952BEA75410055569A /* CurrentWeatherView.swift */; };
		C6C505982BEA75650055569A /* ForecastView.swift in Sources */ = {isa = PBXBuildFile; fileRef = C6C505972BEA75650055569A /* ForecastView.swift */; };
/* End PBXBuildFile section */

/* Begin PBXContainerItemProxy section */
		C68641B92BEBC73900062CA4 /* PBXContainerItemProxy */ = {
			isa = PBXContainerItemProxy;
			containerPortal = C69AEE162BEA6966005E16E6 /* Project object */;
			proxyType = 1;
			remoteGlobalIDString = C68641AA2BEBC73800062CA4;
			remoteInfo = WeatherAPPWidgetExtension;
		};
/* End PBXContainerItemProxy section */

/* Begin PBXCopyFilesBuildPhase section */
		C68641BF2BEBC73900062CA4 /* Embed Foundation Extensions */ = {
			isa = PBXCopyFilesBuildPhase;
			buildActionMask = 2147483647;
			dstPath = "";
			dstSubfolderSpec = 13;
			files = (
				C68641BB2BEBC73900062CA4 /* WeatherAPPWidgetExtension.appex in Embed Foundation Extensions */,
			);
			name = "Embed Foundation Extensions";
			runOnlyForDeploymentPostprocessing = 0;
		};
/* End PBXCopyFilesBuildPhase section */

/* Begin PBXFileReference section */
		71919EF32BEC7082002A4873 /* FileManager+SharedContainer.swift */ = {isa = PBXFileReference; lastKnownFileType = sourcecode.swift; path = "FileManager+SharedContainer.swift"; sourceTree = "<group>"; };
		C6838CFD2BEB1BFF00079212 /* WeatherService.swift */ = {isa = PBXFileReference; lastKnownFileType = sourcecode.swift; path = WeatherService.swift; sourceTree = "<group>"; };
		C6838CFF2BEB1D4A00079212 /* WeatherService+Location.swift */ = {isa = PBXFileReference; lastKnownFileType = sourcecode.swift; path = "WeatherService+Location.swift"; sourceTree = "<group>"; };
		C6838D012BEB22F800079212 /* TestLoaction.gpx */ = {isa = PBXFileReference; lastKnownFileType = text.xml; path = TestLoaction.gpx; sourceTree = "<group>"; };
		C6838D022BEB262800079212 /* String+WeatherSymbol.swift */ = {isa = PBXFileReference; lastKnownFileType = sourcecode.swift; path = "String+WeatherSymbol.swift"; sourceTree = "<group>"; };
		C6838D052BEB285200079212 /* CurrentWeatherDTO.swift */ = {isa = PBXFileReference; lastKnownFileType = sourcecode.swift; path = CurrentWeatherDTO.swift; sourceTree = "<group>"; };
		C6838D072BEB28EB00079212 /* WeatherService+API.swift */ = {isa = PBXFileReference; lastKnownFileType = sourcecode.swift; path = "WeatherService+API.swift"; sourceTree = "<group>"; };
		C6838D092BEB2A7E00079212 /* APIError.swift */ = {isa = PBXFileReference; lastKnownFileType = sourcecode.swift; path = APIError.swift; sourceTree = "<group>"; };
		C6838D0D2BEB5CFB00079212 /* ForecastDTO.swift */ = {isa = PBXFileReference; lastKnownFileType = sourcecode.swift; path = ForecastDTO.swift; sourceTree = "<group>"; };
		C68641652BEBB81500062CA4 /* ErrorView.swift */ = {isa = PBXFileReference; lastKnownFileType = sourcecode.swift; path = ErrorView.swift; sourceTree = "<group>"; };
		C68641AB2BEBC73800062CA4 /* WeatherAPPWidgetExtension.appex */ = {isa = PBXFileReference; explicitFileType = "wrapper.app-extension"; includeInIndex = 0; path = WeatherAPPWidgetExtension.appex; sourceTree = BUILT_PRODUCTS_DIR; };
		C68641AD2BEBC73800062CA4 /* WidgetKit.framework */ = {isa = PBXFileReference; lastKnownFileType = wrapper.framework; name = WidgetKit.framework; path = System/Library/Frameworks/WidgetKit.framework; sourceTree = SDKROOT; };
		C68641AF2BEBC73800062CA4 /* SwiftUI.framework */ = {isa = PBXFileReference; lastKnownFileType = wrapper.framework; name = SwiftUI.framework; path = System/Library/Frameworks/SwiftUI.framework; sourceTree = SDKROOT; };
		C68641B22BEBC73800062CA4 /* WeatherAPPWidgetBundle.swift */ = {isa = PBXFileReference; lastKnownFileType = sourcecode.swift; path = WeatherAPPWidgetBundle.swift; sourceTree = "<group>"; };
		C68641B42BEBC73800062CA4 /* WeatherAPPWidget.swift */ = {isa = PBXFileReference; lastKnownFileType = sourcecode.swift; path = WeatherAPPWidget.swift; sourceTree = "<group>"; };
		C68641B62BEBC73900062CA4 /* Assets.xcassets */ = {isa = PBXFileReference; lastKnownFileType = folder.assetcatalog; path = Assets.xcassets; sourceTree = "<group>"; };
		C68641B82BEBC73900062CA4 /* Info.plist */ = {isa = PBXFileReference; lastKnownFileType = text.plist.xml; path = Info.plist; sourceTree = "<group>"; };
		C68641C02BEBC7B500062CA4 /* Provider.swift */ = {isa = PBXFileReference; lastKnownFileType = sourcecode.swift; path = Provider.swift; sourceTree = "<group>"; };
		C68641C42BEBC94100062CA4 /* WeatherEntry.swift */ = {isa = PBXFileReference; lastKnownFileType = sourcecode.swift; path = WeatherEntry.swift; sourceTree = "<group>"; };
		C68641C62BEBC96700062CA4 /* WidgetData.swift */ = {isa = PBXFileReference; lastKnownFileType = sourcecode.swift; path = WidgetData.swift; sourceTree = "<group>"; };
		C68641D22BEBCD5D00062CA4 /* WeatherEntryView.swift */ = {isa = PBXFileReference; lastKnownFileType = sourcecode.swift; path = WeatherEntryView.swift; sourceTree = "<group>"; };
		C69AEE1E2BEA6966005E16E6 /* WeatherAPP.app */ = {isa = PBXFileReference; explicitFileType = wrapper.application; includeInIndex = 0; path = WeatherAPP.app; sourceTree = BUILT_PRODUCTS_DIR; };
		C69AEE212BEA6966005E16E6 /* WeatherAPPApp.swift */ = {isa = PBXFileReference; lastKnownFileType = sourcecode.swift; path = WeatherAPPApp.swift; sourceTree = "<group>"; };
		C69AEE252BEA6967005E16E6 /* Assets.xcassets */ = {isa = PBXFileReference; lastKnownFileType = folder.assetcatalog; path = Assets.xcassets; sourceTree = "<group>"; };
		C69AEE282BEA6967005E16E6 /* Preview Assets.xcassets */ = {isa = PBXFileReference; lastKnownFileType = folder.assetcatalog; path = "Preview Assets.xcassets"; sourceTree = "<group>"; };
		C69AEE342BEA69ED005E16E6 /* MainView.swift */ = {isa = PBXFileReference; lastKnownFileType = sourcecode.swift; path = MainView.swift; sourceTree = "<group>"; };
		C6C5058B2BEA6E180055569A /* CurrentWeather.swift */ = {isa = PBXFileReference; lastKnownFileType = sourcecode.swift; path = CurrentWeather.swift; sourceTree = "<group>"; };
		C6C5058D2BEA6EBF0055569A /* Double+Extension.swift */ = {isa = PBXFileReference; lastKnownFileType = sourcecode.swift; path = "Double+Extension.swift"; sourceTree = "<group>"; };
		C6C5058F2BEA70240055569A /* Forecast.swift */ = {isa = PBXFileReference; lastKnownFileType = sourcecode.swift; path = Forecast.swift; sourceTree = "<group>"; };
		C6C505912BEA74AB0055569A /* MainBackgroundView.swift */ = {isa = PBXFileReference; lastKnownFileType = sourcecode.swift; path = MainBackgroundView.swift; sourceTree = "<group>"; };
		C6C505932BEA74DD0055569A /* WeatherContentView.swift */ = {isa = PBXFileReference; lastKnownFileType = sourcecode.swift; path = WeatherContentView.swift; sourceTree = "<group>"; };
		C6C505952BEA75410055569A /* CurrentWeatherView.swift */ = {isa = PBXFileReference; lastKnownFileType = sourcecode.swift; path = CurrentWeatherView.swift; sourceTree = "<group>"; };
		C6C505972BEA75650055569A /* ForecastView.swift */ = {isa = PBXFileReference; lastKnownFileType = sourcecode.swift; path = ForecastView.swift; sourceTree = "<group>"; };
/* End PBXFileReference section */

/* Begin PBXFrameworksBuildPhase section */
		C68641A82BEBC73800062CA4 /* Frameworks */ = {
			isa = PBXFrameworksBuildPhase;
			buildActionMask = 2147483647;
			files = (
				C68641B02BEBC73800062CA4 /* SwiftUI.framework in Frameworks */,
				C68641AE2BEBC73800062CA4 /* WidgetKit.framework in Frameworks */,
			);
			runOnlyForDeploymentPostprocessing = 0;
		};
		C69AEE1B2BEA6966005E16E6 /* Frameworks */ = {
			isa = PBXFrameworksBuildPhase;
			buildActionMask = 2147483647;
			files = (
			);
			runOnlyForDeploymentPostprocessing = 0;
		};
/* End PBXFrameworksBuildPhase section */

/* Begin PBXGroup section */
		C6838D042BEB283300079212 /* Model */ = {
			isa = PBXGroup;
			children = (
				C6838D052BEB285200079212 /* CurrentWeatherDTO.swift */,
				C6838D0D2BEB5CFB00079212 /* ForecastDTO.swift */,
				C6838D092BEB2A7E00079212 /* APIError.swift */,
				C68641C62BEBC96700062CA4 /* WidgetData.swift */,
			);
			path = Model;
			sourceTree = "<group>";
		};
		C68641AC2BEBC73800062CA4 /* Frameworks */ = {
			isa = PBXGroup;
			children = (
				C68641AD2BEBC73800062CA4 /* WidgetKit.framework */,
				C68641AF2BEBC73800062CA4 /* SwiftUI.framework */,
			);
			name = Frameworks;
			sourceTree = "<group>";
		};
		C68641B12BEBC73800062CA4 /* WeatherAPPWidget */ = {
			isa = PBXGroup;
			children = (
				C68641B22BEBC73800062CA4 /* WeatherAPPWidgetBundle.swift */,
				C68641B42BEBC73800062CA4 /* WeatherAPPWidget.swift */,
				C68641C02BEBC7B500062CA4 /* Provider.swift */,
				C68641CE2BEBCCC200062CA4 /* View */,
				C68641C32BEBC93600062CA4 /* Model */,
				C68641B62BEBC73900062CA4 /* Assets.xcassets */,
				C68641B82BEBC73900062CA4 /* Info.plist */,
			);
			path = WeatherAPPWidget;
			sourceTree = "<group>";
		};
		C68641C32BEBC93600062CA4 /* Model */ = {
			isa = PBXGroup;
			children = (
				C68641C42BEBC94100062CA4 /* WeatherEntry.swift */,
			);
			path = Model;
			sourceTree = "<group>";
		};
		C68641CE2BEBCCC200062CA4 /* View */ = {
			isa = PBXGroup;
			children = (
				C68641D22BEBCD5D00062CA4 /* WeatherEntryView.swift */,
			);
			path = View;
			sourceTree = "<group>";
		};
		C69AEE152BEA6966005E16E6 = {
			isa = PBXGroup;
			children = (
				71919EF22BEC7059002A4873 /* WeatherAPPWidgetExtension.entitlements */,
				C69AEE202BEA6966005E16E6 /* WeatherAPP */,
				C68641B12BEBC73800062CA4 /* WeatherAPPWidget */,
				C68641AC2BEBC73800062CA4 /* Frameworks */,
				C69AEE1F2BEA6966005E16E6 /* Products */,
			);
			sourceTree = "<group>";
		};
		C69AEE1F2BEA6966005E16E6 /* Products */ = {
			isa = PBXGroup;
			children = (
				C69AEE1E2BEA6966005E16E6 /* WeatherAPP.app */,
				C68641AB2BEBC73800062CA4 /* WeatherAPPWidgetExtension.appex */,
			);
			name = Products;
			sourceTree = "<group>";
		};
		C69AEE202BEA6966005E16E6 /* WeatherAPP */ = {
			isa = PBXGroup;
			children = (
				71919EF12BEC6F2B002A4873 /* WeatherAPP.entitlements */,
				C69AEE212BEA6966005E16E6 /* WeatherAPPApp.swift */,
				C69AEE332BEA69E0005E16E6 /* View */,
				C69AEE312BEA69C3005E16E6 /* Service */,
				C69AEE302BEA69BC005E16E6 /* Model */,
				C69AEE322BEA69CC005E16E6 /* Extension */,
				C69AEE252BEA6967005E16E6 /* Assets.xcassets */,
				C6838D012BEB22F800079212 /* TestLoaction.gpx */,
				C69AEE272BEA6967005E16E6 /* Preview Content */,
			);
			path = WeatherAPP;
			sourceTree = "<group>";
		};
		C69AEE272BEA6967005E16E6 /* Preview Content */ = {
			isa = PBXGroup;
			children = (
				C69AEE282BEA6967005E16E6 /* Preview Assets.xcassets */,
			);
			path = "Preview Content";
			sourceTree = "<group>";
		};
		C69AEE302BEA69BC005E16E6 /* Model */ = {
			isa = PBXGroup;
			children = (
				C6C5058B2BEA6E180055569A /* CurrentWeather.swift */,
				C6C5058F2BEA70240055569A /* Forecast.swift */,
			);
			path = Model;
			sourceTree = "<group>";
		};
		C69AEE312BEA69C3005E16E6 /* Service */ = {
			isa = PBXGroup;
			children = (
				C6838D042BEB283300079212 /* Model */,
				C6838CFD2BEB1BFF00079212 /* WeatherService.swift */,
				C6838CFF2BEB1D4A00079212 /* WeatherService+Location.swift */,
				C6838D072BEB28EB00079212 /* WeatherService+API.swift */,
			);
			path = Service;
			sourceTree = "<group>";
		};
		C69AEE322BEA69CC005E16E6 /* Extension */ = {
			isa = PBXGroup;
			children = (
				C6C5058D2BEA6EBF0055569A /* Double+Extension.swift */,
				C6838D022BEB262800079212 /* String+WeatherSymbol.swift */,
				71919EF32BEC7082002A4873 /* FileManager+SharedContainer.swift */,
			);
			path = Extension;
			sourceTree = "<group>";
		};
		C69AEE332BEA69E0005E16E6 /* View */ = {
			isa = PBXGroup;
			children = (
				C69AEE342BEA69ED005E16E6 /* MainView.swift */,
				C6C505912BEA74AB0055569A /* MainBackgroundView.swift */,
				C6C505932BEA74DD0055569A /* WeatherContentView.swift */,
				C6C505952BEA75410055569A /* CurrentWeatherView.swift */,
				C6C505972BEA75650055569A /* ForecastView.swift */,
				C68641652BEBB81500062CA4 /* ErrorView.swift */,
			);
			path = View;
			sourceTree = "<group>";
		};
/* End PBXGroup section */

/* Begin PBXNativeTarget section */
		C68641AA2BEBC73800062CA4 /* WeatherAPPWidgetExtension */ = {
			isa = PBXNativeTarget;
			buildConfigurationList = C68641BC2BEBC73900062CA4 /* Build configuration list for PBXNativeTarget "WeatherAPPWidgetExtension" */;
			buildPhases = (
				C68641A72BEBC73800062CA4 /* Sources */,
				C68641A82BEBC73800062CA4 /* Frameworks */,
				C68641A92BEBC73800062CA4 /* Resources */,
			);
			buildRules = (
			);
			dependencies = (
			);
			name = WeatherAPPWidgetExtension;
			productName = WeatherAPPWidgetExtension;
			productReference = C68641AB2BEBC73800062CA4 /* WeatherAPPWidgetExtension.appex */;
			productType = "com.apple.product-type.app-extension";
		};
		C69AEE1D2BEA6966005E16E6 /* WeatherAPP */ = {
			isa = PBXNativeTarget;
			buildConfigurationList = C69AEE2C2BEA6967005E16E6 /* Build configuration list for PBXNativeTarget "WeatherAPP" */;
			buildPhases = (
				C69AEE1A2BEA6966005E16E6 /* Sources */,
				C69AEE1B2BEA6966005E16E6 /* Frameworks */,
				C69AEE1C2BEA6966005E16E6 /* Resources */,
				C68641BF2BEBC73900062CA4 /* Embed Foundation Extensions */,
			);
			buildRules = (
			);
			dependencies = (
				C68641BA2BEBC73900062CA4 /* PBXTargetDependency */,
			);
			name = WeatherAPP;
			productName = WeatherAPP;
			productReference = C69AEE1E2BEA6966005E16E6 /* WeatherAPP.app */;
			productType = "com.apple.product-type.application";
		};
/* End PBXNativeTarget section */

/* Begin PBXProject section */
		C69AEE162BEA6966005E16E6 /* Project object */ = {
			isa = PBXProject;
			attributes = {
				BuildIndependentTargetsInParallel = 1;
				LastSwiftUpdateCheck = 1500;
				LastUpgradeCheck = 1500;
				TargetAttributes = {
					C68641AA2BEBC73800062CA4 = {
						CreatedOnToolsVersion = 15.0.1;
					};
					C69AEE1D2BEA6966005E16E6 = {
						CreatedOnToolsVersion = 15.0.1;
					};
				};
			};
			buildConfigurationList = C69AEE192BEA6966005E16E6 /* Build configuration list for PBXProject "WeatherAPP" */;
			compatibilityVersion = "Xcode 14.0";
			developmentRegion = en;
			hasScannedForEncodings = 0;
			knownRegions = (
				en,
				Base,
			);
			mainGroup = C69AEE152BEA6966005E16E6;
			productRefGroup = C69AEE1F2BEA6966005E16E6 /* Products */;
			projectDirPath = "";
			projectRoot = "";
			targets = (
				C69AEE1D2BEA6966005E16E6 /* WeatherAPP */,
				C68641AA2BEBC73800062CA4 /* WeatherAPPWidgetExtension */,
			);
		};
/* End PBXProject section */

/* Begin PBXResourcesBuildPhase section */
		C68641A92BEBC73800062CA4 /* Resources */ = {
			isa = PBXResourcesBuildPhase;
			buildActionMask = 2147483647;
			files = (
				C68641B72BEBC73900062CA4 /* Assets.xcassets in Resources */,
			);
			runOnlyForDeploymentPostprocessing = 0;
		};
		C69AEE1C2BEA6966005E16E6 /* Resources */ = {
			isa = PBXResourcesBuildPhase;
			buildActionMask = 2147483647;
			files = (
				C69AEE292BEA6967005E16E6 /* Preview Assets.xcassets in Resources */,
				C69AEE262BEA6967005E16E6 /* Assets.xcassets in Resources */,
			);
			runOnlyForDeploymentPostprocessing = 0;
		};
/* End PBXResourcesBuildPhase section */

/* Begin PBXSourcesBuildPhase section */
		C68641A72BEBC73800062CA4 /* Sources */ = {
			isa = PBXSourcesBuildPhase;
			buildActionMask = 2147483647;
			files = (
				C68641B52BEBC73800062CA4 /* WeatherAPPWidget.swift in Sources */,
				C68641CB2BEBCA2800062CA4 /* String+WeatherSymbol.swift in Sources */,
				C68641CC2BEBCA2800062CA4 /* Double+Extension.swift in Sources */,
				C68641C12BEBC7B500062CA4 /* Provider.swift in Sources */,
				71919EF52BEC708B002A4873 /* FileManager+SharedContainer.swift in Sources */,
				C68641B32BEBC73800062CA4 /* WeatherAPPWidgetBundle.swift in Sources */,
				C68641C82BEBC9B500062CA4 /* WidgetData.swift in Sources */,
				C68641D32BEBCD5D00062CA4 /* WeatherEntryView.swift in Sources */,
				C68641C52BEBC94100062CA4 /* WeatherEntry.swift in Sources */,
			);
			runOnlyForDeploymentPostprocessing = 0;
		};
		C69AEE1A2BEA6966005E16E6 /* Sources */ = {
			isa = PBXSourcesBuildPhase;
			buildActionMask = 2147483647;
			files = (
				C6838CFE2BEB1BFF00079212 /* WeatherService.swift in Sources */,
				C68641C72BEBC96700062CA4 /* WidgetData.swift in Sources */,
				C6838D032BEB262800079212 /* String+WeatherSymbol.swift in Sources */,
				C6C505942BEA74DD0055569A /* WeatherContentView.swift in Sources */,
				C6C505962BEA75410055569A /* CurrentWeatherView.swift in Sources */,
				C68641662BEBB81500062CA4 /* ErrorView.swift in Sources */,
				71919EF42BEC7082002A4873 /* FileManager+SharedContainer.swift in Sources */,
				C6838D062BEB285200079212 /* CurrentWeatherDTO.swift in Sources */,
				C69AEE222BEA6966005E16E6 /* WeatherAPPApp.swift in Sources */,
				C6C5058C2BEA6E180055569A /* CurrentWeather.swift in Sources */,
				C6C5058E2BEA6EBF0055569A /* Double+Extension.swift in Sources */,
				C6838D0A2BEB2A7E00079212 /* APIError.swift in Sources */,
				C6C505982BEA75650055569A /* ForecastView.swift in Sources */,
				C6838D0E2BEB5CFB00079212 /* ForecastDTO.swift in Sources */,
				C6838D002BEB1D4A00079212 /* WeatherService+Location.swift in Sources */,
				C69AEE352BEA69ED005E16E6 /* MainView.swift in Sources */,
				C6838D082BEB28EB00079212 /* WeatherService+API.swift in Sources */,
				C6C505902BEA70240055569A /* Forecast.swift in Sources */,
				C6C505922BEA74AB0055569A /* MainBackgroundView.swift in Sources */,
			);
			runOnlyForDeploymentPostprocessing = 0;
		};
/* End PBXSourcesBuildPhase section */

/* Begin PBXTargetDependency section */
		C68641BA2BEBC73900062CA4 /* PBXTargetDependency */ = {
			isa = PBXTargetDependency;
			target = C68641AA2BEBC73800062CA4 /* WeatherAPPWidgetExtension */;
			targetProxy = C68641B92BEBC73900062CA4 /* PBXContainerItemProxy */;
		};
/* End PBXTargetDependency section */

/* Begin XCBuildConfiguration section */
		C68641BD2BEBC73900062CA4 /* Debug */ = {
			isa = XCBuildConfiguration;
			buildSettings = {
				ASSETCATALOG_COMPILER_GLOBAL_ACCENT_COLOR_NAME = AccentColor;
				ASSETCATALOG_COMPILER_WIDGET_BACKGROUND_COLOR_NAME = WidgetBackground;
				CODE_SIGN_ENTITLEMENTS = WeatherAPPWidgetExtension.entitlements;
				CODE_SIGN_STYLE = Automatic;
				CURRENT_PROJECT_VERSION = 1;
				DEVELOPMENT_TEAM = SD8J3B58T9;
				GENERATE_INFOPLIST_FILE = YES;
				INFOPLIST_FILE = WeatherAPPWidget/Info.plist;
				INFOPLIST_KEY_CFBundleDisplayName = WeatherAPPWidget;
				INFOPLIST_KEY_NSHumanReadableCopyright = "";
				IPHONEOS_DEPLOYMENT_TARGET = 15.0;
				LD_RUNPATH_SEARCH_PATHS = (
					"$(inherited)",
					"@executable_path/Frameworks",
					"@executable_path/../../Frameworks",
				);
				MARKETING_VERSION = 1.0;
				PRODUCT_BUNDLE_IDENTIFIER = "WeatherAPP-Doogie.WeatherAPP.WeatherAPPWidget";
				PRODUCT_NAME = "$(TARGET_NAME)";
				SKIP_INSTALL = YES;
				SWIFT_EMIT_LOC_STRINGS = YES;
				SWIFT_VERSION = 5.0;
				TARGETED_DEVICE_FAMILY = "1,2";
			};
			name = Debug;
		};
		C68641BE2BEBC73900062CA4 /* Release */ = {
			isa = XCBuildConfiguration;
			buildSettings = {
				ASSETCATALOG_COMPILER_GLOBAL_ACCENT_COLOR_NAME = AccentColor;
				ASSETCATALOG_COMPILER_WIDGET_BACKGROUND_COLOR_NAME = WidgetBackground;
				CODE_SIGN_ENTITLEMENTS = WeatherAPPWidgetExtension.entitlements;
				CODE_SIGN_STYLE = Automatic;
				CURRENT_PROJECT_VERSION = 1;
				DEVELOPMENT_TEAM = SD8J3B58T9;
				GENERATE_INFOPLIST_FILE = YES;
				INFOPLIST_FILE = WeatherAPPWidget/Info.plist;
				INFOPLIST_KEY_CFBundleDisplayName = WeatherAPPWidget;
				INFOPLIST_KEY_NSHumanReadableCopyright = "";
				IPHONEOS_DEPLOYMENT_TARGET = 15.0;
				LD_RUNPATH_SEARCH_PATHS = (
					"$(inherited)",
					"@executable_path/Frameworks",
					"@executable_path/../../Frameworks",
				);
				MARKETING_VERSION = 1.0;
				PRODUCT_BUNDLE_IDENTIFIER = "WeatherAPP-Doogie.WeatherAPP.WeatherAPPWidget";
				PRODUCT_NAME = "$(TARGET_NAME)";
				SKIP_INSTALL = YES;
				SWIFT_EMIT_LOC_STRINGS = YES;
				SWIFT_VERSION = 5.0;
				TARGETED_DEVICE_FAMILY = "1,2";
			};
			name = Release;
		};
		C69AEE2A2BEA6967005E16E6 /* Debug */ = {
			isa = XCBuildConfiguration;
			buildSettings = {
				ALWAYS_SEARCH_USER_PATHS = NO;
				ASSETCATALOG_COMPILER_GENERATE_SWIFT_ASSET_SYMBOL_EXTENSIONS = YES;
				CLANG_ANALYZER_NONNULL = YES;
				CLANG_ANALYZER_NUMBER_OBJECT_CONVERSION = YES_AGGRESSIVE;
				CLANG_CXX_LANGUAGE_STANDARD = "gnu++20";
				CLANG_ENABLE_MODULES = YES;
				CLANG_ENABLE_OBJC_ARC = YES;
				CLANG_ENABLE_OBJC_WEAK = YES;
				CLANG_WARN_BLOCK_CAPTURE_AUTORELEASING = YES;
				CLANG_WARN_BOOL_CONVERSION = YES;
				CLANG_WARN_COMMA = YES;
				CLANG_WARN_CONSTANT_CONVERSION = YES;
				CLANG_WARN_DEPRECATED_OBJC_IMPLEMENTATIONS = YES;
				CLANG_WARN_DIRECT_OBJC_ISA_USAGE = YES_ERROR;
				CLANG_WARN_DOCUMENTATION_COMMENTS = YES;
				CLANG_WARN_EMPTY_BODY = YES;
				CLANG_WARN_ENUM_CONVERSION = YES;
				CLANG_WARN_INFINITE_RECURSION = YES;
				CLANG_WARN_INT_CONVERSION = YES;
				CLANG_WARN_NON_LITERAL_NULL_CONVERSION = YES;
				CLANG_WARN_OBJC_IMPLICIT_RETAIN_SELF = YES;
				CLANG_WARN_OBJC_LITERAL_CONVERSION = YES;
				CLANG_WARN_OBJC_ROOT_CLASS = YES_ERROR;
				CLANG_WARN_QUOTED_INCLUDE_IN_FRAMEWORK_HEADER = YES;
				CLANG_WARN_RANGE_LOOP_ANALYSIS = YES;
				CLANG_WARN_STRICT_PROTOTYPES = YES;
				CLANG_WARN_SUSPICIOUS_MOVE = YES;
				CLANG_WARN_UNGUARDED_AVAILABILITY = YES_AGGRESSIVE;
				CLANG_WARN_UNREACHABLE_CODE = YES;
				CLANG_WARN__DUPLICATE_METHOD_MATCH = YES;
				COPY_PHASE_STRIP = NO;
				DEBUG_INFORMATION_FORMAT = dwarf;
				ENABLE_STRICT_OBJC_MSGSEND = YES;
				ENABLE_TESTABILITY = YES;
				ENABLE_USER_SCRIPT_SANDBOXING = YES;
				GCC_C_LANGUAGE_STANDARD = gnu17;
				GCC_DYNAMIC_NO_PIC = NO;
				GCC_NO_COMMON_BLOCKS = YES;
				GCC_OPTIMIZATION_LEVEL = 0;
				GCC_PREPROCESSOR_DEFINITIONS = (
					"DEBUG=1",
					"$(inherited)",
				);
				GCC_WARN_64_TO_32_BIT_CONVERSION = YES;
				GCC_WARN_ABOUT_RETURN_TYPE = YES_ERROR;
				GCC_WARN_UNDECLARED_SELECTOR = YES;
				GCC_WARN_UNINITIALIZED_AUTOS = YES_AGGRESSIVE;
				GCC_WARN_UNUSED_FUNCTION = YES;
				GCC_WARN_UNUSED_VARIABLE = YES;
				IPHONEOS_DEPLOYMENT_TARGET = 15.0;
				LOCALIZATION_PREFERS_STRING_CATALOGS = YES;
				MTL_ENABLE_DEBUG_INFO = INCLUDE_SOURCE;
				MTL_FAST_MATH = YES;
				ONLY_ACTIVE_ARCH = YES;
				SDKROOT = iphoneos;
				SWIFT_ACTIVE_COMPILATION_CONDITIONS = "DEBUG $(inherited)";
				SWIFT_OPTIMIZATION_LEVEL = "-Onone";
			};
			name = Debug;
		};
		C69AEE2B2BEA6967005E16E6 /* Release */ = {
			isa = XCBuildConfiguration;
			buildSettings = {
				ALWAYS_SEARCH_USER_PATHS = NO;
				ASSETCATALOG_COMPILER_GENERATE_SWIFT_ASSET_SYMBOL_EXTENSIONS = YES;
				CLANG_ANALYZER_NONNULL = YES;
				CLANG_ANALYZER_NUMBER_OBJECT_CONVERSION = YES_AGGRESSIVE;
				CLANG_CXX_LANGUAGE_STANDARD = "gnu++20";
				CLANG_ENABLE_MODULES = YES;
				CLANG_ENABLE_OBJC_ARC = YES;
				CLANG_ENABLE_OBJC_WEAK = YES;
				CLANG_WARN_BLOCK_CAPTURE_AUTORELEASING = YES;
				CLANG_WARN_BOOL_CONVERSION = YES;
				CLANG_WARN_COMMA = YES;
				CLANG_WARN_CONSTANT_CONVERSION = YES;
				CLANG_WARN_DEPRECATED_OBJC_IMPLEMENTATIONS = YES;
				CLANG_WARN_DIRECT_OBJC_ISA_USAGE = YES_ERROR;
				CLANG_WARN_DOCUMENTATION_COMMENTS = YES;
				CLANG_WARN_EMPTY_BODY = YES;
				CLANG_WARN_ENUM_CONVERSION = YES;
				CLANG_WARN_INFINITE_RECURSION = YES;
				CLANG_WARN_INT_CONVERSION = YES;
				CLANG_WARN_NON_LITERAL_NULL_CONVERSION = YES;
				CLANG_WARN_OBJC_IMPLICIT_RETAIN_SELF = YES;
				CLANG_WARN_OBJC_LITERAL_CONVERSION = YES;
				CLANG_WARN_OBJC_ROOT_CLASS = YES_ERROR;
				CLANG_WARN_QUOTED_INCLUDE_IN_FRAMEWORK_HEADER = YES;
				CLANG_WARN_RANGE_LOOP_ANALYSIS = YES;
				CLANG_WARN_STRICT_PROTOTYPES = YES;
				CLANG_WARN_SUSPICIOUS_MOVE = YES;
				CLANG_WARN_UNGUARDED_AVAILABILITY = YES_AGGRESSIVE;
				CLANG_WARN_UNREACHABLE_CODE = YES;
				CLANG_WARN__DUPLICATE_METHOD_MATCH = YES;
				COPY_PHASE_STRIP = NO;
				DEBUG_INFORMATION_FORMAT = "dwarf-with-dsym";
				ENABLE_NS_ASSERTIONS = NO;
				ENABLE_STRICT_OBJC_MSGSEND = YES;
				ENABLE_USER_SCRIPT_SANDBOXING = YES;
				GCC_C_LANGUAGE_STANDARD = gnu17;
				GCC_NO_COMMON_BLOCKS = YES;
				GCC_WARN_64_TO_32_BIT_CONVERSION = YES;
				GCC_WARN_ABOUT_RETURN_TYPE = YES_ERROR;
				GCC_WARN_UNDECLARED_SELECTOR = YES;
				GCC_WARN_UNINITIALIZED_AUTOS = YES_AGGRESSIVE;
				GCC_WARN_UNUSED_FUNCTION = YES;
				GCC_WARN_UNUSED_VARIABLE = YES;
				IPHONEOS_DEPLOYMENT_TARGET = 15.0;
				LOCALIZATION_PREFERS_STRING_CATALOGS = YES;
				MTL_ENABLE_DEBUG_INFO = NO;
				MTL_FAST_MATH = YES;
				SDKROOT = iphoneos;
				SWIFT_COMPILATION_MODE = wholemodule;
				VALIDATE_PRODUCT = YES;
			};
			name = Release;
		};
		C69AEE2D2BEA6967005E16E6 /* Debug */ = {
			isa = XCBuildConfiguration;
			buildSettings = {
				ALWAYS_EMBED_SWIFT_STANDARD_LIBRARIES = YES;
				ASSETCATALOG_COMPILER_APPICON_NAME = AppIcon;
				ASSETCATALOG_COMPILER_GLOBAL_ACCENT_COLOR_NAME = AccentColor;
				CODE_SIGN_ENTITLEMENTS = WeatherAPP/WeatherAPP.entitlements;
				CODE_SIGN_STYLE = Automatic;
				CURRENT_PROJECT_VERSION = 1;
				DEVELOPMENT_ASSET_PATHS = "\"WeatherAPP/Preview Content\"";
				DEVELOPMENT_TEAM = SD8J3B58T9;
				ENABLE_PREVIEWS = YES;
				GENERATE_INFOPLIST_FILE = YES;
				INFOPLIST_KEY_CFBundleDisplayName = "날씨";
				INFOPLIST_KEY_NSLocationWhenInUseUsageDescription = "현재 위치에서 날씨 정보를 요청합니다.";
				INFOPLIST_KEY_UIApplicationSceneManifest_Generation = YES;
				INFOPLIST_KEY_UIApplicationSupportsIndirectInputEvents = YES;
				INFOPLIST_KEY_UILaunchScreen_Generation = YES;
				INFOPLIST_KEY_UISupportedInterfaceOrientations_iPad = "UIInterfaceOrientationPortrait UIInterfaceOrientationPortraitUpsideDown UIInterfaceOrientationLandscapeLeft UIInterfaceOrientationLandscapeRight";
				INFOPLIST_KEY_UISupportedInterfaceOrientations_iPhone = "UIInterfaceOrientationPortrait UIInterfaceOrientationLandscapeLeft UIInterfaceOrientationLandscapeRight";
				IPHONEOS_DEPLOYMENT_TARGET = 15.0;
				LD_RUNPATH_SEARCH_PATHS = (
					"$(inherited)",
					"@executable_path/Frameworks",
				);
				MARKETING_VERSION = 1.0;
				PRODUCT_BUNDLE_IDENTIFIER = "WeatherAPP-Doogie.WeatherAPP";
				PRODUCT_NAME = "$(TARGET_NAME)";
				SWIFT_EMIT_LOC_STRINGS = YES;
				SWIFT_VERSION = 5.0;
				TARGETED_DEVICE_FAMILY = "1,2";
			};
			name = Debug;
		};
		C69AEE2E2BEA6967005E16E6 /* Release */ = {
			isa = XCBuildConfiguration;
			buildSettings = {
				ALWAYS_EMBED_SWIFT_STANDARD_LIBRARIES = YES;
				ASSETCATALOG_COMPILER_APPICON_NAME = AppIcon;
				ASSETCATALOG_COMPILER_GLOBAL_ACCENT_COLOR_NAME = AccentColor;
				CODE_SIGN_ENTITLEMENTS = WeatherAPP/WeatherAPP.entitlements;
				CODE_SIGN_STYLE = Automatic;
				CURRENT_PROJECT_VERSION = 1;
				DEVELOPMENT_ASSET_PATHS = "\"WeatherAPP/Preview Content\"";
				DEVELOPMENT_TEAM = SD8J3B58T9;
				ENABLE_PREVIEWS = YES;
				GENERATE_INFOPLIST_FILE = YES;
				INFOPLIST_KEY_CFBundleDisplayName = "날씨";
				INFOPLIST_KEY_NSLocationWhenInUseUsageDescription = "현재 위치에서 날씨 정보를 요청합니다.";
				INFOPLIST_KEY_UIApplicationSceneManifest_Generation = YES;
				INFOPLIST_KEY_UIApplicationSupportsIndirectInputEvents = YES;
				INFOPLIST_KEY_UILaunchScreen_Generation = YES;
				INFOPLIST_KEY_UISupportedInterfaceOrientations_iPad = "UIInterfaceOrientationPortrait UIInterfaceOrientationPortraitUpsideDown UIInterfaceOrientationLandscapeLeft UIInterfaceOrientationLandscapeRight";
				INFOPLIST_KEY_UISupportedInterfaceOrientations_iPhone = "UIInterfaceOrientationPortrait UIInterfaceOrientationLandscapeLeft UIInterfaceOrientationLandscapeRight";
				IPHONEOS_DEPLOYMENT_TARGET = 15.0;
				LD_RUNPATH_SEARCH_PATHS = (
					"$(inherited)",
					"@executable_path/Frameworks",
				);
				MARKETING_VERSION = 1.0;
				PRODUCT_BUNDLE_IDENTIFIER = "WeatherAPP-Doogie.WeatherAPP";
				PRODUCT_NAME = "$(TARGET_NAME)";
				SWIFT_EMIT_LOC_STRINGS = YES;
				SWIFT_VERSION = 5.0;
				TARGETED_DEVICE_FAMILY = "1,2";
			};
			name = Release;
		};
/* End XCBuildConfiguration section */

/* Begin XCConfigurationList section */
		C68641BC2BEBC73900062CA4 /* Build configuration list for PBXNativeTarget "WeatherAPPWidgetExtension" */ = {
			isa = XCConfigurationList;
			buildConfigurations = (
				C68641BD2BEBC73900062CA4 /* Debug */,
				C68641BE2BEBC73900062CA4 /* Release */,
			);
			defaultConfigurationIsVisible = 0;
			defaultConfigurationName = Release;
		};
		C69AEE192BEA6966005E16E6 /* Build configuration list for PBXProject "WeatherAPP" */ = {
			isa = XCConfigurationList;
			buildConfigurations = (
				C69AEE2A2BEA6967005E16E6 /* Debug */,
				C69AEE2B2BEA6967005E16E6 /* Release */,
			);
			defaultConfigurationIsVisible = 0;
			defaultConfigurationName = Release;
		};
		C69AEE2C2BEA6967005E16E6 /* Build configuration list for PBXNativeTarget "WeatherAPP" */ = {
			isa = XCConfigurationList;
			buildConfigurations = (
				C69AEE2D2BEA6967005E16E6 /* Debug */,
				C69AEE2E2BEA6967005E16E6 /* Release */,
			);
			defaultConfigurationIsVisible = 0;
			defaultConfigurationName = Release;
		};
/* End XCConfigurationList section */
	};
	rootObject = C69AEE162BEA6966005E16E6 /* Project object */;
}
